// !$*UTF8*$!
{
	archiveVersion = 1;
	classes = {
	};
	objectVersion = 55;
	objects = {

/* Begin PBXBuildFile section */
		BD10ED9D28AE6D020022FE22 /* AppDelegate.swift in Sources */ = {isa = PBXBuildFile; fileRef = BD10ED9C28AE6D020022FE22 /* AppDelegate.swift */; };
		BD10ED9F28AE6D020022FE22 /* SceneDelegate.swift in Sources */ = {isa = PBXBuildFile; fileRef = BD10ED9E28AE6D020022FE22 /* SceneDelegate.swift */; };
		BD10EDA128AE6D020022FE22 /* ViewController.swift in Sources */ = {isa = PBXBuildFile; fileRef = BD10EDA028AE6D020022FE22 /* ViewController.swift */; };
		BD10EDA428AE6D020022FE22 /* Main.storyboard in Resources */ = {isa = PBXBuildFile; fileRef = BD10EDA228AE6D020022FE22 /* Main.storyboard */; };
		BD10EDA728AE6D020022FE22 /* Flow.xcdatamodeld in Sources */ = {isa = PBXBuildFile; fileRef = BD10EDA528AE6D020022FE22 /* Flow.xcdatamodeld */; };
		BD10EDA928AE6D040022FE22 /* Assets.xcassets in Resources */ = {isa = PBXBuildFile; fileRef = BD10EDA828AE6D040022FE22 /* Assets.xcassets */; };
		BD10EDAC28AE6D040022FE22 /* LaunchScreen.storyboard in Resources */ = {isa = PBXBuildFile; fileRef = BD10EDAA28AE6D040022FE22 /* LaunchScreen.storyboard */; };
		BD742D0E28AEBF1600DA347D /* SignIn.swift in Sources */ = {isa = PBXBuildFile; fileRef = BD742D0D28AEBF1600DA347D /* SignIn.swift */; };
		BD742D1028AEC5FB00DA347D /* ViewControllerSignIn.swift in Sources */ = {isa = PBXBuildFile; fileRef = BD742D0F28AEC5FB00DA347D /* ViewControllerSignIn.swift */; };
		BD742D1228AEC96000DA347D /* StaticVariable.swift in Sources */ = {isa = PBXBuildFile; fileRef = BD742D1128AEC96000DA347D /* StaticVariable.swift */; };
		BD742D1428AECA1400DA347D /* WelcomeName.swift in Sources */ = {isa = PBXBuildFile; fileRef = BD742D1328AECA1400DA347D /* WelcomeName.swift */; };
		BDD8525A28AEDC520003EB34 /* FeaturedViewController.swift in Sources */ = {isa = PBXBuildFile; fileRef = BDD8525928AEDC520003EB34 /* FeaturedViewController.swift */; };
/* End PBXBuildFile section */

/* Begin PBXFileReference section */
		BD10ED9928AE6D020022FE22 /* Flow.app */ = {isa = PBXFileReference; explicitFileType = wrapper.application; includeInIndex = 0; path = Flow.app; sourceTree = BUILT_PRODUCTS_DIR; };
		BD10ED9C28AE6D020022FE22 /* AppDelegate.swift */ = {isa = PBXFileReference; lastKnownFileType = sourcecode.swift; path = AppDelegate.swift; sourceTree = "<group>"; };
		BD10ED9E28AE6D020022FE22 /* SceneDelegate.swift */ = {isa = PBXFileReference; lastKnownFileType = sourcecode.swift; path = SceneDelegate.swift; sourceTree = "<group>"; };
		BD10EDA028AE6D020022FE22 /* ViewController.swift */ = {isa = PBXFileReference; lastKnownFileType = sourcecode.swift; path = ViewController.swift; sourceTree = "<group>"; };
		BD10EDA328AE6D020022FE22 /* Base */ = {isa = PBXFileReference; lastKnownFileType = file.storyboard; name = Base; path = Base.lproj/Main.storyboard; sourceTree = "<group>"; };
		BD10EDA628AE6D020022FE22 /* Flow.xcdatamodel */ = {isa = PBXFileReference; lastKnownFileType = wrapper.xcdatamodel; path = Flow.xcdatamodel; sourceTree = "<group>"; };
		BD10EDA828AE6D040022FE22 /* Assets.xcassets */ = {isa = PBXFileReference; lastKnownFileType = folder.assetcatalog; path = Assets.xcassets; sourceTree = "<group>"; };
		BD10EDAB28AE6D040022FE22 /* Base */ = {isa = PBXFileReference; lastKnownFileType = file.storyboard; name = Base; path = Base.lproj/LaunchScreen.storyboard; sourceTree = "<group>"; };
		BD10EDAD28AE6D040022FE22 /* Info.plist */ = {isa = PBXFileReference; lastKnownFileType = text.plist.xml; path = Info.plist; sourceTree = "<group>"; };
		BD742D0D28AEBF1600DA347D /* SignIn.swift */ = {isa = PBXFileReference; lastKnownFileType = sourcecode.swift; path = SignIn.swift; sourceTree = "<group>"; };
		BD742D0F28AEC5FB00DA347D /* ViewControllerSignIn.swift */ = {isa = PBXFileReference; lastKnownFileType = sourcecode.swift; path = ViewControllerSignIn.swift; sourceTree = "<group>"; };
		BD742D1128AEC96000DA347D /* StaticVariable.swift */ = {isa = PBXFileReference; lastKnownFileType = sourcecode.swift; path = StaticVariable.swift; sourceTree = "<group>"; };
		BD742D1328AECA1400DA347D /* WelcomeName.swift */ = {isa = PBXFileReference; lastKnownFileType = sourcecode.swift; path = WelcomeName.swift; sourceTree = "<group>"; };
		BDD8525928AEDC520003EB34 /* FeaturedViewController.swift */ = {isa = PBXFileReference; lastKnownFileType = sourcecode.swift; path = FeaturedViewController.swift; sourceTree = "<group>"; };
/* End PBXFileReference section */

/* Begin PBXFrameworksBuildPhase section */
		BD10ED9628AE6D020022FE22 /* Frameworks */ = {
			isa = PBXFrameworksBuildPhase;
			buildActionMask = 2147483647;
			files = (
			);
			runOnlyForDeploymentPostprocessing = 0;
		};
/* End PBXFrameworksBuildPhase section */

/* Begin PBXGroup section */
		BD10ED9028AE6D020022FE22 = {
			isa = PBXGroup;
			children = (
				BD10ED9B28AE6D020022FE22 /* Flow */,
				BD10ED9A28AE6D020022FE22 /* Products */,
			);
			sourceTree = "<group>";
		};
		BD10ED9A28AE6D020022FE22 /* Products */ = {
			isa = PBXGroup;
			children = (
				BD10ED9928AE6D020022FE22 /* Flow.app */,
			);
			name = Products;
			sourceTree = "<group>";
		};
		BD10ED9B28AE6D020022FE22 /* Flow */ = {
			isa = PBXGroup;
			children = (
				BD10ED9C28AE6D020022FE22 /* AppDelegate.swift */,
				BD10ED9E28AE6D020022FE22 /* SceneDelegate.swift */,
				BD10EDA028AE6D020022FE22 /* ViewController.swift */,
				BD10EDA228AE6D020022FE22 /* Main.storyboard */,
				BDD8525928AEDC520003EB34 /* FeaturedViewController.swift */,
				BD10EDA828AE6D040022FE22 /* Assets.xcassets */,
				BD10EDAA28AE6D040022FE22 /* LaunchScreen.storyboard */,
				BD10EDAD28AE6D040022FE22 /* Info.plist */,
				BD10EDA528AE6D020022FE22 /* Flow.xcdatamodeld */,
				BD742D0D28AEBF1600DA347D /* SignIn.swift */,
				BD742D0F28AEC5FB00DA347D /* ViewControllerSignIn.swift */,
				BD742D1128AEC96000DA347D /* StaticVariable.swift */,
				BD742D1328AECA1400DA347D /* WelcomeName.swift */,
			);
			path = Flow;
			sourceTree = "<group>";
		};
/* End PBXGroup section */

/* Begin PBXNativeTarget section */
		BD10ED9828AE6D020022FE22 /* Flow */ = {
			isa = PBXNativeTarget;
			buildConfigurationList = BD10EDB028AE6D040022FE22 /* Build configuration list for PBXNativeTarget "Flow" */;
			buildPhases = (
				BD10ED9528AE6D020022FE22 /* Sources */,
				BD10ED9628AE6D020022FE22 /* Frameworks */,
				BD10ED9728AE6D020022FE22 /* Resources */,
			);
			buildRules = (
			);
			dependencies = (
			);
			name = Flow;
			productName = Flow;
			productReference = BD10ED9928AE6D020022FE22 /* Flow.app */;
			productType = "com.apple.product-type.application";
		};
/* End PBXNativeTarget section */

/* Begin PBXProject section */
		BD10ED9128AE6D020022FE22 /* Project object */ = {
			isa = PBXProject;
			attributes = {
				BuildIndependentTargetsInParallel = 1;
				LastSwiftUpdateCheck = 1340;
				LastUpgradeCheck = 1340;
				TargetAttributes = {
					BD10ED9828AE6D020022FE22 = {
						CreatedOnToolsVersion = 13.4.1;
					};
				};
			};
			buildConfigurationList = BD10ED9428AE6D020022FE22 /* Build configuration list for PBXProject "Flow" */;
			compatibilityVersion = "Xcode 13.0";
			developmentRegion = en;
			hasScannedForEncodings = 0;
			knownRegions = (
				en,
				Base,
			);
			mainGroup = BD10ED9028AE6D020022FE22;
			productRefGroup = BD10ED9A28AE6D020022FE22 /* Products */;
			projectDirPath = "";
			projectRoot = "";
			targets = (
				BD10ED9828AE6D020022FE22 /* Flow */,
			);
		};
/* End PBXProject section */

/* Begin PBXResourcesBuildPhase section */
		BD10ED9728AE6D020022FE22 /* Resources */ = {
			isa = PBXResourcesBuildPhase;
			buildActionMask = 2147483647;
			files = (
				BD10EDAC28AE6D040022FE22 /* LaunchScreen.storyboard in Resources */,
				BD10EDA928AE6D040022FE22 /* Assets.xcassets in Resources */,
				BD10EDA428AE6D020022FE22 /* Main.storyboard in Resources */,
			);
			runOnlyForDeploymentPostprocessing = 0;
		};
/* End PBXResourcesBuildPhase section */

/* Begin PBXSourcesBuildPhase section */
		BD10ED9528AE6D020022FE22 /* Sources */ = {
			isa = PBXSourcesBuildPhase;
			buildActionMask = 2147483647;
			files = (
				BD10EDA128AE6D020022FE22 /* ViewController.swift in Sources */,
				BD742D1428AECA1400DA347D /* WelcomeName.swift in Sources */,
				BD10EDA728AE6D020022FE22 /* Flow.xcdatamodeld in Sources */,
				BD742D0E28AEBF1600DA347D /* SignIn.swift in Sources */,
				BDD8525A28AEDC520003EB34 /* FeaturedViewController.swift in Sources */,
				BD10ED9D28AE6D020022FE22 /* AppDelegate.swift in Sources */,
				BD742D1228AEC96000DA347D /* StaticVariable.swift in Sources */,
				BD742D1028AEC5FB00DA347D /* ViewControllerSignIn.swift in Sources */,
				BD10ED9F28AE6D020022FE22 /* SceneDelegate.swift in Sources */,
			);
			runOnlyForDeploymentPostprocessing = 0;
		};
/* End PBXSourcesBuildPhase section */

/* Begin PBXVariantGroup section */
		BD10EDA228AE6D020022FE22 /* Main.storyboard */ = {
			isa = PBXVariantGroup;
			children = (
				BD10EDA328AE6D020022FE22 /* Base */,
			);
			name = Main.storyboard;
			sourceTree = "<group>";
		};
		BD10EDAA28AE6D040022FE22 /* LaunchScreen.storyboard */ = {
			isa = PBXVariantGroup;
			children = (
				BD10EDAB28AE6D040022FE22 /* Base */,
			);
			name = LaunchScreen.storyboard;
			sourceTree = "<group>";
		};
/* End PBXVariantGroup section */

/* Begin XCBuildConfiguration section */
		BD10EDAE28AE6D040022FE22 /* Debug */ = {
			isa = XCBuildConfiguration;
			buildSettings = {
				ALWAYS_SEARCH_USER_PATHS = NO;
				CLANG_ANALYZER_NONNULL = YES;
				CLANG_ANALYZER_NUMBER_OBJECT_CONVERSION = YES_AGGRESSIVE;
				CLANG_CXX_LANGUAGE_STANDARD = "gnu++17";
				CLANG_ENABLE_MODULES = YES;
				CLANG_ENABLE_OBJC_ARC = YES;
				CLANG_ENABLE_OBJC_WEAK = YES;
				CLANG_WARN_BLOCK_CAPTURE_AUTORELEASING = YES;
				CLANG_WARN_BOOL_CONVERSION = YES;
				CLANG_WARN_COMMA = YES;
				CLANG_WARN_CONSTANT_CONVERSION = YES;
				CLANG_WARN_DEPRECATED_OBJC_IMPLEMENTATIONS = YES;
				CLANG_WARN_DIRECT_OBJC_ISA_USAGE = YES_ERROR;
				CLANG_WARN_DOCUMENTATION_COMMENTS = YES;
				CLANG_WARN_EMPTY_BODY = YES;
				CLANG_WARN_ENUM_CONVERSION = YES;
				CLANG_WARN_INFINITE_RECURSION = YES;
				CLANG_WARN_INT_CONVERSION = YES;
				CLANG_WARN_NON_LITERAL_NULL_CONVERSION = YES;
				CLANG_WARN_OBJC_IMPLICIT_RETAIN_SELF = YES;
				CLANG_WARN_OBJC_LITERAL_CONVERSION = YES;
				CLANG_WARN_OBJC_ROOT_CLASS = YES_ERROR;
				CLANG_WARN_QUOTED_INCLUDE_IN_FRAMEWORK_HEADER = YES;
				CLANG_WARN_RANGE_LOOP_ANALYSIS = YES;
				CLANG_WARN_STRICT_PROTOTYPES = YES;
				CLANG_WARN_SUSPICIOUS_MOVE = YES;
				CLANG_WARN_UNGUARDED_AVAILABILITY = YES_AGGRESSIVE;
				CLANG_WARN_UNREACHABLE_CODE = YES;
				CLANG_WARN__DUPLICATE_METHOD_MATCH = YES;
				COPY_PHASE_STRIP = NO;
				DEBUG_INFORMATION_FORMAT = dwarf;
				ENABLE_STRICT_OBJC_MSGSEND = YES;
				ENABLE_TESTABILITY = YES;
				GCC_C_LANGUAGE_STANDARD = gnu11;
				GCC_DYNAMIC_NO_PIC = NO;
				GCC_NO_COMMON_BLOCKS = YES;
				GCC_OPTIMIZATION_LEVEL = 0;
				GCC_PREPROCESSOR_DEFINITIONS = (
					"DEBUG=1",
					"$(inherited)",
				);
				GCC_WARN_64_TO_32_BIT_CONVERSION = YES;
				GCC_WARN_ABOUT_RETURN_TYPE = YES_ERROR;
				GCC_WARN_UNDECLARED_SELECTOR = YES;
				GCC_WARN_UNINITIALIZED_AUTOS = YES_AGGRESSIVE;
				GCC_WARN_UNUSED_FUNCTION = YES;
				GCC_WARN_UNUSED_VARIABLE = YES;
				IPHONEOS_DEPLOYMENT_TARGET = 15.5;
				MTL_ENABLE_DEBUG_INFO = INCLUDE_SOURCE;
				MTL_FAST_MATH = YES;
				ONLY_ACTIVE_ARCH = YES;
				SDKROOT = iphoneos;
				SWIFT_ACTIVE_COMPILATION_CONDITIONS = DEBUG;
				SWIFT_OPTIMIZATION_LEVEL = "-Onone";
			};
			name = Debug;
		};
		BD10EDAF28AE6D040022FE22 /* Release */ = {
			isa = XCBuildConfiguration;
			buildSettings = {
				ALWAYS_SEARCH_USER_PATHS = NO;
				CLANG_ANALYZER_NONNULL = YES;
				CLANG_ANALYZER_NUMBER_OBJECT_CONVERSION = YES_AGGRESSIVE;
				CLANG_CXX_LANGUAGE_STANDARD = "gnu++17";
				CLANG_ENABLE_MODULES = YES;
				CLANG_ENABLE_OBJC_ARC = YES;
				CLANG_ENABLE_OBJC_WEAK = YES;
				CLANG_WARN_BLOCK_CAPTURE_AUTORELEASING = YES;
				CLANG_WARN_BOOL_CONVERSION = YES;
				CLANG_WARN_COMMA = YES;
				CLANG_WARN_CONSTANT_CONVERSION = YES;
				CLANG_WARN_DEPRECATED_OBJC_IMPLEMENTATIONS = YES;
				CLANG_WARN_DIRECT_OBJC_ISA_USAGE = YES_ERROR;
				CLANG_WARN_DOCUMENTATION_COMMENTS = YES;
				CLANG_WARN_EMPTY_BODY = YES;
				CLANG_WARN_ENUM_CONVERSION = YES;
				CLANG_WARN_INFINITE_RECURSION = YES;
				CLANG_WARN_INT_CONVERSION = YES;
				CLANG_WARN_NON_LITERAL_NULL_CONVERSION = YES;
				CLANG_WARN_OBJC_IMPLICIT_RETAIN_SELF = YES;
				CLANG_WARN_OBJC_LITERAL_CONVERSION = YES;
				CLANG_WARN_OBJC_ROOT_CLASS = YES_ERROR;
				CLANG_WARN_QUOTED_INCLUDE_IN_FRAMEWORK_HEADER = YES;
				CLANG_WARN_RANGE_LOOP_ANALYSIS = YES;
				CLANG_WARN_STRICT_PROTOTYPES = YES;
				CLANG_WARN_SUSPICIOUS_MOVE = YES;
				CLANG_WARN_UNGUARDED_AVAILABILITY = YES_AGGRESSIVE;
				CLANG_WARN_UNREACHABLE_CODE = YES;
				CLANG_WARN__DUPLICATE_METHOD_MATCH = YES;
				COPY_PHASE_STRIP = NO;
				DEBUG_INFORMATION_FORMAT = "dwarf-with-dsym";
				ENABLE_NS_ASSERTIONS = NO;
				ENABLE_STRICT_OBJC_MSGSEND = YES;
				GCC_C_LANGUAGE_STANDARD = gnu11;
				GCC_NO_COMMON_BLOCKS = YES;
				GCC_WARN_64_TO_32_BIT_CONVERSION = YES;
				GCC_WARN_ABOUT_RETURN_TYPE = YES_ERROR;
				GCC_WARN_UNDECLARED_SELECTOR = YES;
				GCC_WARN_UNINITIALIZED_AUTOS = YES_AGGRESSIVE;
				GCC_WARN_UNUSED_FUNCTION = YES;
				GCC_WARN_UNUSED_VARIABLE = YES;
				IPHONEOS_DEPLOYMENT_TARGET = 15.5;
				MTL_ENABLE_DEBUG_INFO = NO;
				MTL_FAST_MATH = YES;
				SDKROOT = iphoneos;
				SWIFT_COMPILATION_MODE = wholemodule;
				SWIFT_OPTIMIZATION_LEVEL = "-O";
				VALIDATE_PRODUCT = YES;
			};
			name = Release;
		};
		BD10EDB128AE6D040022FE22 /* Debug */ = {
			isa = XCBuildConfiguration;
			buildSettings = {
				ASSETCATALOG_COMPILER_APPICON_NAME = AppIcon;
				ASSETCATALOG_COMPILER_GLOBAL_ACCENT_COLOR_NAME = AccentColor;
				CODE_SIGN_STYLE = Automatic;
				CURRENT_PROJECT_VERSION = 1;
				GENERATE_INFOPLIST_FILE = YES;
				INFOPLIST_FILE = Flow/Info.plist;
				INFOPLIST_KEY_UIApplicationSupportsIndirectInputEvents = YES;
				INFOPLIST_KEY_UILaunchStoryboardName = LaunchScreen;
				INFOPLIST_KEY_UIMainStoryboardFile = Main;
				INFOPLIST_KEY_UISupportedInterfaceOrientations_iPad = "UIInterfaceOrientationPortrait UIInterfaceOrientationPortraitUpsideDown UIInterfaceOrientationLandscapeLeft UIInterfaceOrientationLandscapeRight";
				INFOPLIST_KEY_UISupportedInterfaceOrientations_iPhone = "UIInterfaceOrientationPortrait UIInterfaceOrientationLandscapeLeft UIInterfaceOrientationLandscapeRight";
				LD_RUNPATH_SEARCH_PATHS = (
					"$(inherited)",
					"@executable_path/Frameworks",
				);
				MARKETING_VERSION = 1.0;
				PRODUCT_BUNDLE_IDENTIFIER = KWK.Flow;
				PRODUCT_NAME = "$(TARGET_NAME)";
				SWIFT_EMIT_LOC_STRINGS = YES;
				SWIFT_VERSION = 5.0;
				TARGETED_DEVICE_FAMILY = "1,2";
			};
			name = Debug;
		};
		BD10EDB228AE6D040022FE22 /* Release */ = {
			isa = XCBuildConfiguration;
			buildSettings = {
				ASSETCATALOG_COMPILER_APPICON_NAME = AppIcon;
				ASSETCATALOG_COMPILER_GLOBAL_ACCENT_COLOR_NAME = AccentColor;
				CODE_SIGN_STYLE = Automatic;
				CURRENT_PROJECT_VERSION = 1;
				GENERATE_INFOPLIST_FILE = YES;
				INFOPLIST_FILE = Flow/Info.plist;
				INFOPLIST_KEY_UIApplicationSupportsIndirectInputEvents = YES;
				INFOPLIST_KEY_UILaunchStoryboardName = LaunchScreen;
				INFOPLIST_KEY_UIMainStoryboardFile = Main;
				INFOPLIST_KEY_UISupportedInterfaceOrientations_iPad = "UIInterfaceOrientationPortrait UIInterfaceOrientationPortraitUpsideDown UIInterfaceOrientationLandscapeLeft UIInterfaceOrientationLandscapeRight";
				INFOPLIST_KEY_UISupportedInterfaceOrientations_iPhone = "UIInterfaceOrientationPortrait UIInterfaceOrientationLandscapeLeft UIInterfaceOrientationLandscapeRight";
				LD_RUNPATH_SEARCH_PATHS = (
					"$(inherited)",
					"@executable_path/Frameworks",
				);
				MARKETING_VERSION = 1.0;
				PRODUCT_BUNDLE_IDENTIFIER = KWK.Flow;
				PRODUCT_NAME = "$(TARGET_NAME)";
				SWIFT_EMIT_LOC_STRINGS = YES;
				SWIFT_VERSION = 5.0;
				TARGETED_DEVICE_FAMILY = "1,2";
			};
			name = Release;
		};
/* End XCBuildConfiguration section */

/* Begin XCConfigurationList section */
		BD10ED9428AE6D020022FE22 /* Build configuration list for PBXProject "Flow" */ = {
			isa = XCConfigurationList;
			buildConfigurations = (
				BD10EDAE28AE6D040022FE22 /* Debug */,
				BD10EDAF28AE6D040022FE22 /* Release */,
			);
			defaultConfigurationIsVisible = 0;
			defaultConfigurationName = Release;
		};
		BD10EDB028AE6D040022FE22 /* Build configuration list for PBXNativeTarget "Flow" */ = {
			isa = XCConfigurationList;
			buildConfigurations = (
				BD10EDB128AE6D040022FE22 /* Debug */,
				BD10EDB228AE6D040022FE22 /* Release */,
			);
			defaultConfigurationIsVisible = 0;
			defaultConfigurationName = Release;
		};
/* End XCConfigurationList section */

/* Begin XCVersionGroup section */
		BD10EDA528AE6D020022FE22 /* Flow.xcdatamodeld */ = {
			isa = XCVersionGroup;
			children = (
				BD10EDA628AE6D020022FE22 /* Flow.xcdatamodel */,
			);
			currentVersion = BD10EDA628AE6D020022FE22 /* Flow.xcdatamodel */;
			path = Flow.xcdatamodeld;
			sourceTree = "<group>";
			versionGroupType = wrapper.xcdatamodel;
		};
/* End XCVersionGroup section */
	};
	rootObject = BD10ED9128AE6D020022FE22 /* Project object */;
}
